<?xml version="1.0" encoding="utf-8"?>
<Project ToolsVersion="4.0" xmlns="http://schemas.microsoft.com/developer/msbuild/2003">
  <ItemGroup>
    <Filter Include="Source Files">
      <UniqueIdentifier>{4FC737F1-C7A5-4376-A066-2A32D752A2FF}</UniqueIdentifier>
      <Extensions>cpp;c;cc;cxx;c++;cppm;ixx;def;odl;idl;hpj;bat;asm;asmx</Extensions>
    </Filter>
    <Filter Include="Header Files">
      <UniqueIdentifier>{93995380-89BD-4b04-88EB-625FBE52EBFB}</UniqueIdentifier>
      <Extensions>h;hh;hpp;hxx;h++;hm;inl;inc;ipp;xsd</Extensions>
    </Filter>
    <Filter Include="Resource Files">
      <UniqueIdentifier>{67DA6AB6-F800-4c08-8B7A-83BB121AAD01}</UniqueIdentifier>
      <Extensions>rc;ico;cur;bmp;dlg;rc2;rct;bin;rgs;gif;jpg;jpeg;jpe;resx;tiff;tif;png;wav;mfcribbon-ms</Extensions>
    </Filter>
  </ItemGroup>
  <ItemGroup>
    <ClCompile Include="01-number-to-text.cpp">
      <Filter>Source Files</Filter>
    </ClCompile>
    <ClCompile Include="02-leap-year.cpp">
      <Filter>Source Files</Filter>
    </ClCompile>
    <ClCompile Include="03-leap-year-one-line-code.cpp">
      <Filter>Source Files</Filter>
    </ClCompile>
    <ClCompile Include="04-count-of-days-hours-minutes-seconds-in-year.cpp">
      <Filter>Source Files</Filter>
    </ClCompile>
    <ClCompile Include="05-total-days-hours-minutes-seconds-in-month.cpp">
      <Filter>Source Files</Filter>
    </ClCompile>
    <ClCompile Include="06-total-days-in-month-short-logic.cpp">
      <Filter>Source Files</Filter>
    </ClCompile>
    <ClCompile Include="07-days-of-week-name.cpp">
      <Filter>Source Files</Filter>
    </ClCompile>
    <ClCompile Include="08-month-calendar.cpp">
      <Filter>Source Files</Filter>
    </ClCompile>
    <ClCompile Include="09-year-calendar.cpp">
      <Filter>Source Files</Filter>
    </ClCompile>
    <ClCompile Include="10-days-from-beginning-of-year.cpp">
      <Filter>Source Files</Filter>
    </ClCompile>
    <ClCompile Include="11-date-from-day-order-in-year.cpp">
      <Filter>Source Files</Filter>
    </ClCompile>
    <ClCompile Include="12-add-days-to-date.cpp">
      <Filter>Source Files</Filter>
    </ClCompile>
    <ClCompile Include="13-compare-dates.cpp">
      <Filter>Source Files</Filter>
    </ClCompile>
    <ClCompile Include="14-date1-equals-date2.cpp">
      <Filter>Source Files</Filter>
    </ClCompile>
    <ClCompile Include="15-last-day-last-month.cpp">
      <Filter>Source Files</Filter>
    </ClCompile>
    <ClCompile Include="16-increase-date-by-one-day.cpp">
      <Filter>Source Files</Filter>
    </ClCompile>
    <ClCompile Include="17-diff-in-days.cpp">
      <Filter>Source Files</Filter>
    </ClCompile>
    <ClCompile Include="18-your-age-in-days.cpp">
      <Filter>Source Files</Filter>
    </ClCompile>
    <ClCompile Include="19-diff-in-negative-days.cpp">
      <Filter>Source Files</Filter>
    </ClCompile>
    <ClCompile Include="20-32-increase-date-problems.cpp">
      <Filter>Source Files</Filter>
    </ClCompile>
    <ClCompile Include="33-46-decrease-date-problems.cpp">
      <Filter>Source Files</Filter>
    </ClCompile>
    <ClCompile Include="47-53-more-date-problems.cpp">
      <Filter>Source Files</Filter>
    </ClCompile>
    <ClCompile Include="54-calculate-vacation-days.cpp">
      <Filter>Source Files</Filter>
    </ClCompile>
    <ClCompile Include="55-calculate-vacation-return-date.cpp">
      <Filter>Source Files</Filter>
    </ClCompile>
    <ClCompile Include="56-is-date1-after-date2.cpp">
      <Filter>Source Files</Filter>
    </ClCompile>
  </ItemGroup>
  <ItemGroup>
    <ClInclude Include="my-lib.h">
      <Filter>Header Files</Filter>
    </ClInclude>
  </ItemGroup>
</Project>