<Solution>
  <Configurations>
    <Platform Name="x64" />
    <Platform Name="x86" />
  </Configurations>
  <Folder Name="/projects/">
    <Project Path="projects/05-l2-p1-rock-paper-scissors/05-l2-p1-rock-paper-scissors.vcxproj" Id="7e7f289f-793e-4b44-a5fa-f85a6c256bbd" />
    <Project Path="projects/05-l2-p2-math-quiz-game/05-l2-p2-math-quiz-game.vcxproj" Id="15f1ccaa-a14b-45c9-9378-be6ddac7aec0" />
    <Project Path="projects/07-l3-p1-bank1/07-l3-p1-bank1.vcxproj" Id="2e4c5a5f-a977-4b21-8114-73198cd7369e" />
  </Folder>
  <Folder Name="/Solution Items/">
    <File Path=".gitignore" />
    <File Path="README.md" />
  </Folder>
  <Project Path="05-Algorithms-L2/05-Algorithms-L2.vcxproj" Id="5b803d56-cc5a-41d5-832e-7e1929bfffab" />
  <Project Path="07-Algorithms-L3/07-Algorithms-L3.vcxproj" Id="4bc62c83-1fc7-4227-bc34-d3838b6a9bd7" />
</Solution>
